
Microsoft Visual Studio Solution File, Format Version 12.00
# Visual Studio 2015
Project("{FAE04EC0-301F-11D3-BF4B-00C04F79EFBC}") = "RuntimeEditor_2018", "RuntimeEditor_2018.csproj", "{A611FDAD-A050-52A5-4B3B-59FD27E26062}"
EndProject
Project("{FAE04EC0-301F-11D3-BF4B-00C04F79EFBC}") = "RuntimeEditor_2018.Editor", "RuntimeEditor_2018.Editor.csproj", "{BDF4F942-82A5-9197-2287-15ECF8374330}"
EndProject
Global
	GlobalSection(SolutionConfigurationPlatforms) = preSolution
		Debug|Any CPU = Debug|Any CPU
		Release|Any CPU = Release|Any CPU
	EndGlobalSection
	GlobalSection(ProjectConfigurationPlatforms) = postSolution
		{A611FDAD-A050-52A5-4B3B-59FD27E26062}.Debug|Any CPU.ActiveCfg = Debug|Any CPU
		{A611FDAD-A050-52A5-4B3B-59FD27E26062}.Debug|Any CPU.Build.0 = Debug|Any CPU
		{A611FDAD-A050-52A5-4B3B-59FD27E26062}.Release|Any CPU.ActiveCfg = Release|Any CPU
		{A611FDAD-A050-52A5-4B3B-59FD27E26062}.Release|Any CPU.Build.0 = Release|Any CPU
		{BDF4F942-82A5-9197-2287-15ECF8374330}.Debug|Any CPU.ActiveCfg = Debug|Any CPU
		{BDF4F942-82A5-9197-2287-15ECF8374330}.Debug|Any CPU.Build.0 = Debug|Any CPU
		{BDF4F942-82A5-9197-2287-15ECF8374330}.Release|Any CPU.ActiveCfg = Release|Any CPU
		{BDF4F942-82A5-9197-2287-15ECF8374330}.Release|Any CPU.Build.0 = Release|Any CPU
	EndGlobalSection
	GlobalSection(SolutionProperties) = preSolution
		HideSolutionNode = FALSE
	EndGlobalSection
EndGlobal
