
Microsoft Visual Studio Solution File, Format Version 12.00
# Visual Studio 2015
Project("{FAE04EC0-301F-11D3-BF4B-00C04F79EFBC}") = "Unity_RuntimeEditor", "Unity_RuntimeEditor.csproj", "{50328339-1E9B-7E3D-F605-8810123E718D}"
EndProject
Project("{FAE04EC0-301F-11D3-BF4B-00C04F79EFBC}") = "Unity_RuntimeEditor.Editor", "Unity_RuntimeEditor.Editor.csproj", "{08CBCB14-D812-326C-2EB7-B3D1EE73624C}"
EndProject
Global
	GlobalSection(SolutionConfigurationPlatforms) = preSolution
		Debug|Any CPU = Debug|Any CPU
		Release|Any CPU = Release|Any CPU
	EndGlobalSection
	GlobalSection(ProjectConfigurationPlatforms) = postSolution
		{50328339-1E9B-7E3D-F605-8810123E718D}.Debug|Any CPU.ActiveCfg = Debug|Any CPU
		{50328339-1E9B-7E3D-F605-8810123E718D}.Debug|Any CPU.Build.0 = Debug|Any CPU
		{50328339-1E9B-7E3D-F605-8810123E718D}.Release|Any CPU.ActiveCfg = Release|Any CPU
		{50328339-1E9B-7E3D-F605-8810123E718D}.Release|Any CPU.Build.0 = Release|Any CPU
		{08CBCB14-D812-326C-2EB7-B3D1EE73624C}.Debug|Any CPU.ActiveCfg = Debug|Any CPU
		{08CBCB14-D812-326C-2EB7-B3D1EE73624C}.Debug|Any CPU.Build.0 = Debug|Any CPU
		{08CBCB14-D812-326C-2EB7-B3D1EE73624C}.Release|Any CPU.ActiveCfg = Release|Any CPU
		{08CBCB14-D812-326C-2EB7-B3D1EE73624C}.Release|Any CPU.Build.0 = Release|Any CPU
	EndGlobalSection
	GlobalSection(SolutionProperties) = preSolution
		HideSolutionNode = FALSE
	EndGlobalSection
EndGlobal
